
Microsoft Visual Studio Solution File, Format Version 12.00
# Visual Studio Version 16
VisualStudioVersion = 16.0.32126.315
MinimumVisualStudioVersion = 10.0.40219.1
Project("{FAE04EC0-301F-11D3-BF4B-00C04F79EFBC}") = "Handwritten digits recognition", "Handwritten digits recognition\Handwritten digits recognition.csproj", "{E117DF24-42E2-4A63-9783-675815A70DCC}"
EndProject
Project("{FAE04EC0-301F-11D3-BF4B-00C04F79EFBC}") = "FileProcessing", "FileProcessing\FileProcessing.csproj", "{3713C2A6-5044-4DDC-91A9-B4CE7DADC5DB}"
EndProject
Global
	GlobalSection(SolutionConfigurationPlatforms) = preSolution
		Debug|Any CPU = Debug|Any CPU
		Release|Any CPU = Release|Any CPU
	EndGlobalSection
	GlobalSection(ProjectConfigurationPlatforms) = postSolution
		{E117DF24-42E2-4A63-9783-675815A70DCC}.Debug|Any CPU.ActiveCfg = Debug|Any CPU
		{E117DF24-42E2-4A63-9783-675815A70DCC}.Debug|Any CPU.Build.0 = Debug|Any CPU
		{E117DF24-42E2-4A63-9783-675815A70DCC}.Release|Any CPU.ActiveCfg = Release|Any CPU
		{E117DF24-42E2-4A63-9783-675815A70DCC}.Release|Any CPU.Build.0 = Release|Any CPU
		{3713C2A6-5044-4DDC-91A9-B4CE7DADC5DB}.Debug|Any CPU.ActiveCfg = Debug|Any CPU
		{3713C2A6-5044-4DDC-91A9-B4CE7DADC5DB}.Debug|Any CPU.Build.0 = Debug|Any CPU
		{3713C2A6-5044-4DDC-91A9-B4CE7DADC5DB}.Release|Any CPU.ActiveCfg = Release|Any CPU
		{3713C2A6-5044-4DDC-91A9-B4CE7DADC5DB}.Release|Any CPU.Build.0 = Release|Any CPU
	EndGlobalSection
	GlobalSection(SolutionProperties) = preSolution
		HideSolutionNode = FALSE
	EndGlobalSection
	GlobalSection(ExtensibilityGlobals) = postSolution
		SolutionGuid = {8258F9DE-E507-475B-A5E2-96C802A77277}
	EndGlobalSection
EndGlobal
